
Microsoft Visual Studio Solution File, Format Version 12.00
# Visual Studio Version 17
VisualStudioVersion = 17.0.32014.148
MinimumVisualStudioVersion = 10.0.40219.1
Project("{FAE04EC0-301F-11D3-BF4B-00C04F79EFBC}") = "ShoppingList.Server", "ShoppingList\Server\ShoppingList.Server.csproj", "{D420AB0B-EC6C-4E1C-8315-62794BF25885}"
EndProject
Project("{FAE04EC0-301F-11D3-BF4B-00C04F79EFBC}") = "ShoppingList.Client", "ShoppingList\Client\ShoppingList.Client.csproj", "{B89736D2-3EE8-4BC8-A699-C08C4D862402}"
EndProject
Project("{FAE04EC0-301F-11D3-BF4B-00C04F79EFBC}") = "ShoppingList.Domain", "ShoppingList\Shared\ShoppingList.Domain.csproj", "{6E9CBA39-EC50-4F5B-A652-B0B32EE4AEB1}"
EndProject
Global
	GlobalSection(SolutionConfigurationPlatforms) = preSolution
		Debug|Any CPU = Debug|Any CPU
		Release|Any CPU = Release|Any CPU
	EndGlobalSection
	GlobalSection(ProjectConfigurationPlatforms) = postSolution
		{D420AB0B-EC6C-4E1C-8315-62794BF25885}.Debug|Any CPU.ActiveCfg = Debug|Any CPU
		{D420AB0B-EC6C-4E1C-8315-62794BF25885}.Debug|Any CPU.Build.0 = Debug|Any CPU
		{D420AB0B-EC6C-4E1C-8315-62794BF25885}.Release|Any CPU.ActiveCfg = Release|Any CPU
		{D420AB0B-EC6C-4E1C-8315-62794BF25885}.Release|Any CPU.Build.0 = Release|Any CPU
		{B89736D2-3EE8-4BC8-A699-C08C4D862402}.Debug|Any CPU.ActiveCfg = Debug|Any CPU
		{B89736D2-3EE8-4BC8-A699-C08C4D862402}.Debug|Any CPU.Build.0 = Debug|Any CPU
		{B89736D2-3EE8-4BC8-A699-C08C4D862402}.Release|Any CPU.ActiveCfg = Release|Any CPU
		{B89736D2-3EE8-4BC8-A699-C08C4D862402}.Release|Any CPU.Build.0 = Release|Any CPU
		{6E9CBA39-EC50-4F5B-A652-B0B32EE4AEB1}.Debug|Any CPU.ActiveCfg = Debug|Any CPU
		{6E9CBA39-EC50-4F5B-A652-B0B32EE4AEB1}.Debug|Any CPU.Build.0 = Debug|Any CPU
		{6E9CBA39-EC50-4F5B-A652-B0B32EE4AEB1}.Release|Any CPU.ActiveCfg = Release|Any CPU
		{6E9CBA39-EC50-4F5B-A652-B0B32EE4AEB1}.Release|Any CPU.Build.0 = Release|Any CPU
	EndGlobalSection
	GlobalSection(SolutionProperties) = preSolution
		HideSolutionNode = FALSE
	EndGlobalSection
	GlobalSection(ExtensibilityGlobals) = postSolution
		SolutionGuid = {B611EEBE-E0B5-4FD4-94FF-2E7B2178A620}
	EndGlobalSection
EndGlobal
